
Microsoft Visual Studio Solution File, Format Version 12.00
# Visual Studio Version 16
VisualStudioVersion = 16.0.31702.278
MinimumVisualStudioVersion = 10.0.40219.1
Project("{FAE04EC0-301F-11D3-BF4B-00C04F79EFBC}") = "DoanHQTCSDL", "DoanHQTCSDL\DoanHQTCSDL.csproj", "{10A9144B-A4BF-4921-A9CB-0DE4BFAD641F}"
EndProject
Global
	GlobalSection(SolutionConfigurationPlatforms) = preSolution
		Debug|Any CPU = Debug|Any CPU
		Release|Any CPU = Release|Any CPU
	EndGlobalSection
	GlobalSection(ProjectConfigurationPlatforms) = postSolution
		{10A9144B-A4BF-4921-A9CB-0DE4BFAD641F}.Debug|Any CPU.ActiveCfg = Debug|Any CPU
		{10A9144B-A4BF-4921-A9CB-0DE4BFAD641F}.Debug|Any CPU.Build.0 = Debug|Any CPU
		{10A9144B-A4BF-4921-A9CB-0DE4BFAD641F}.Release|Any CPU.ActiveCfg = Release|Any CPU
		{10A9144B-A4BF-4921-A9CB-0DE4BFAD641F}.Release|Any CPU.Build.0 = Release|Any CPU
	EndGlobalSection
	GlobalSection(SolutionProperties) = preSolution
		HideSolutionNode = FALSE
	EndGlobalSection
	GlobalSection(ExtensibilityGlobals) = postSolution
		SolutionGuid = {7CE4A8FA-B7C7-4CB1-9465-9D77F1A06C1A}
	EndGlobalSection
EndGlobal
